
Microsoft Visual Studio Solution File, Format Version 12.00
# Visual Studio Version 17
VisualStudioVersion = 17.3.32922.545
MinimumVisualStudioVersion = 10.0.40219.1
Project("{9A19103F-16F7-4668-BE54-9A1E7A4F7556}") = "UOClient", "UOClient\UOClient.csproj", "{2BB8767D-FDB3-4CD5-991D-86E9536C5DEC}"
EndProject
Project("{9A19103F-16F7-4668-BE54-9A1E7A4F7556}") = "TexturePacker", "TexturePacker\TexturePacker.csproj", "{0B39B6A6-1589-4283-A3BF-1C3D825F7DDA}"
EndProject
Project("{9A19103F-16F7-4668-BE54-9A1E7A4F7556}") = "FileSystem", "FileSystem\FileSystem.csproj", "{9FABF58F-D906-4A85-A8A8-3C7C8B4E4DF6}"
EndProject
Project("{9A19103F-16F7-4668-BE54-9A1E7A4F7556}") = "GameData", "GameData\GameData.csproj", "{FD97B40D-D754-4DAD-82B1-845E50CF06F8}"
EndProject
Project("{9A19103F-16F7-4668-BE54-9A1E7A4F7556}") = "FileConverter", "FileConverter\FileConverter.csproj", "{416892E8-97BE-4A86-901B-17199F7E2648}"
EndProject
Project("{2150E333-8FDC-42A3-9474-1A3956D46DE8}") = "Converter", "Converter", "{B0272D9C-6315-4560-A485-888A5B29AD66}"
EndProject
Project("{9A19103F-16F7-4668-BE54-9A1E7A4F7556}") = "Common", "Common\Common.csproj", "{4D427528-3FDA-4200-A18E-973561EA382F}"
EndProject
Project("{2150E333-8FDC-42A3-9474-1A3956D46DE8}") = "Shared", "Shared", "{4F9AA905-380E-4207-A6E6-5F1C7E6D24DC}"
EndProject
Project("{FAE04EC0-301F-11D3-BF4B-00C04F79EFBC}") = "MYPReader", "MYPReader\MYPReader.csproj", "{DADBAA6F-30B2-432E-9549-F46B0A778E08}"
EndProject
Global
	GlobalSection(SolutionConfigurationPlatforms) = preSolution
		Debug|Any CPU = Debug|Any CPU
		Debug|x86 = Debug|x86
		Release|Any CPU = Release|Any CPU
		Release|x86 = Release|x86
	EndGlobalSection
	GlobalSection(ProjectConfigurationPlatforms) = postSolution
		{2BB8767D-FDB3-4CD5-991D-86E9536C5DEC}.Debug|Any CPU.ActiveCfg = Debug|Any CPU
		{2BB8767D-FDB3-4CD5-991D-86E9536C5DEC}.Debug|Any CPU.Build.0 = Debug|Any CPU
		{2BB8767D-FDB3-4CD5-991D-86E9536C5DEC}.Debug|x86.ActiveCfg = Debug|Any CPU
		{2BB8767D-FDB3-4CD5-991D-86E9536C5DEC}.Debug|x86.Build.0 = Debug|Any CPU
		{2BB8767D-FDB3-4CD5-991D-86E9536C5DEC}.Release|Any CPU.ActiveCfg = Release|Any CPU
		{2BB8767D-FDB3-4CD5-991D-86E9536C5DEC}.Release|Any CPU.Build.0 = Release|Any CPU
		{2BB8767D-FDB3-4CD5-991D-86E9536C5DEC}.Release|x86.ActiveCfg = Release|Any CPU
		{2BB8767D-FDB3-4CD5-991D-86E9536C5DEC}.Release|x86.Build.0 = Release|Any CPU
		{0B39B6A6-1589-4283-A3BF-1C3D825F7DDA}.Debug|Any CPU.ActiveCfg = Debug|Any CPU
		{0B39B6A6-1589-4283-A3BF-1C3D825F7DDA}.Debug|Any CPU.Build.0 = Debug|Any CPU
		{0B39B6A6-1589-4283-A3BF-1C3D825F7DDA}.Debug|x86.ActiveCfg = Debug|Any CPU
		{0B39B6A6-1589-4283-A3BF-1C3D825F7DDA}.Debug|x86.Build.0 = Debug|Any CPU
		{0B39B6A6-1589-4283-A3BF-1C3D825F7DDA}.Release|Any CPU.ActiveCfg = Release|Any CPU
		{0B39B6A6-1589-4283-A3BF-1C3D825F7DDA}.Release|Any CPU.Build.0 = Release|Any CPU
		{0B39B6A6-1589-4283-A3BF-1C3D825F7DDA}.Release|x86.ActiveCfg = Release|Any CPU
		{0B39B6A6-1589-4283-A3BF-1C3D825F7DDA}.Release|x86.Build.0 = Release|Any CPU
		{9FABF58F-D906-4A85-A8A8-3C7C8B4E4DF6}.Debug|Any CPU.ActiveCfg = Debug|Any CPU
		{9FABF58F-D906-4A85-A8A8-3C7C8B4E4DF6}.Debug|Any CPU.Build.0 = Debug|Any CPU
		{9FABF58F-D906-4A85-A8A8-3C7C8B4E4DF6}.Debug|x86.ActiveCfg = Debug|Any CPU
		{9FABF58F-D906-4A85-A8A8-3C7C8B4E4DF6}.Debug|x86.Build.0 = Debug|Any CPU
		{9FABF58F-D906-4A85-A8A8-3C7C8B4E4DF6}.Release|Any CPU.ActiveCfg = Release|Any CPU
		{9FABF58F-D906-4A85-A8A8-3C7C8B4E4DF6}.Release|Any CPU.Build.0 = Release|Any CPU
		{9FABF58F-D906-4A85-A8A8-3C7C8B4E4DF6}.Release|x86.ActiveCfg = Release|Any CPU
		{9FABF58F-D906-4A85-A8A8-3C7C8B4E4DF6}.Release|x86.Build.0 = Release|Any CPU
		{FD97B40D-D754-4DAD-82B1-845E50CF06F8}.Debug|Any CPU.ActiveCfg = Debug|Any CPU
		{FD97B40D-D754-4DAD-82B1-845E50CF06F8}.Debug|Any CPU.Build.0 = Debug|Any CPU
		{FD97B40D-D754-4DAD-82B1-845E50CF06F8}.Debug|x86.ActiveCfg = Debug|Any CPU
		{FD97B40D-D754-4DAD-82B1-845E50CF06F8}.Debug|x86.Build.0 = Debug|Any CPU
		{FD97B40D-D754-4DAD-82B1-845E50CF06F8}.Release|Any CPU.ActiveCfg = Release|Any CPU
		{FD97B40D-D754-4DAD-82B1-845E50CF06F8}.Release|Any CPU.Build.0 = Release|Any CPU
		{FD97B40D-D754-4DAD-82B1-845E50CF06F8}.Release|x86.ActiveCfg = Release|Any CPU
		{FD97B40D-D754-4DAD-82B1-845E50CF06F8}.Release|x86.Build.0 = Release|Any CPU
		{416892E8-97BE-4A86-901B-17199F7E2648}.Debug|Any CPU.ActiveCfg = Debug|Any CPU
		{416892E8-97BE-4A86-901B-17199F7E2648}.Debug|Any CPU.Build.0 = Debug|Any CPU
		{416892E8-97BE-4A86-901B-17199F7E2648}.Debug|x86.ActiveCfg = Debug|Any CPU
		{416892E8-97BE-4A86-901B-17199F7E2648}.Debug|x86.Build.0 = Debug|Any CPU
		{416892E8-97BE-4A86-901B-17199F7E2648}.Release|Any CPU.ActiveCfg = Release|Any CPU
		{416892E8-97BE-4A86-901B-17199F7E2648}.Release|Any CPU.Build.0 = Release|Any CPU
		{416892E8-97BE-4A86-901B-17199F7E2648}.Release|x86.ActiveCfg = Release|Any CPU
		{416892E8-97BE-4A86-901B-17199F7E2648}.Release|x86.Build.0 = Release|Any CPU
		{4D427528-3FDA-4200-A18E-973561EA382F}.Debug|Any CPU.ActiveCfg = Debug|Any CPU
		{4D427528-3FDA-4200-A18E-973561EA382F}.Debug|Any CPU.Build.0 = Debug|Any CPU
		{4D427528-3FDA-4200-A18E-973561EA382F}.Debug|x86.ActiveCfg = Debug|Any CPU
		{4D427528-3FDA-4200-A18E-973561EA382F}.Debug|x86.Build.0 = Debug|Any CPU
		{4D427528-3FDA-4200-A18E-973561EA382F}.Release|Any CPU.ActiveCfg = Release|Any CPU
		{4D427528-3FDA-4200-A18E-973561EA382F}.Release|Any CPU.Build.0 = Release|Any CPU
		{4D427528-3FDA-4200-A18E-973561EA382F}.Release|x86.ActiveCfg = Release|Any CPU
		{4D427528-3FDA-4200-A18E-973561EA382F}.Release|x86.Build.0 = Release|Any CPU
		{DADBAA6F-30B2-432E-9549-F46B0A778E08}.Debug|Any CPU.ActiveCfg = Debug|Any CPU
		{DADBAA6F-30B2-432E-9549-F46B0A778E08}.Debug|Any CPU.Build.0 = Debug|Any CPU
		{DADBAA6F-30B2-432E-9549-F46B0A778E08}.Debug|x86.ActiveCfg = Debug|Any CPU
		{DADBAA6F-30B2-432E-9549-F46B0A778E08}.Debug|x86.Build.0 = Debug|Any CPU
		{DADBAA6F-30B2-432E-9549-F46B0A778E08}.Release|Any CPU.ActiveCfg = Release|Any CPU
		{DADBAA6F-30B2-432E-9549-F46B0A778E08}.Release|Any CPU.Build.0 = Release|Any CPU
		{DADBAA6F-30B2-432E-9549-F46B0A778E08}.Release|x86.ActiveCfg = Release|Any CPU
		{DADBAA6F-30B2-432E-9549-F46B0A778E08}.Release|x86.Build.0 = Release|Any CPU
	EndGlobalSection
	GlobalSection(SolutionProperties) = preSolution
		HideSolutionNode = FALSE
	EndGlobalSection
	GlobalSection(NestedProjects) = preSolution
		{9FABF58F-D906-4A85-A8A8-3C7C8B4E4DF6} = {4F9AA905-380E-4207-A6E6-5F1C7E6D24DC}
		{416892E8-97BE-4A86-901B-17199F7E2648} = {B0272D9C-6315-4560-A485-888A5B29AD66}
		{4D427528-3FDA-4200-A18E-973561EA382F} = {4F9AA905-380E-4207-A6E6-5F1C7E6D24DC}
		{DADBAA6F-30B2-432E-9549-F46B0A778E08} = {B0272D9C-6315-4560-A485-888A5B29AD66}
	EndGlobalSection
	GlobalSection(ExtensibilityGlobals) = postSolution
		SolutionGuid = {5C3609A5-952B-41B3-A32E-73CB87DF7AF9}
	EndGlobalSection
EndGlobal
